
Microsoft Visual Studio Solution File, Format Version 12.00
# Visual Studio Version 17
VisualStudioVersion = 17.0.31903.59
MinimumVisualStudioVersion = 10.0.40219.1
Project("{2150E333-8FDC-42A3-9474-1A3956D46DE8}") = "src", "src", "{827E0CD3-B72D-47B6-A68D-7590B98EB39B}"
EndProject
Project("{FAE04EC0-301F-11D3-BF4B-00C04F79EFBC}") = "EliteMud.Server", "src\EliteMud.Server\EliteMud.Server.csproj", "{1FD4ADCB-A4FF-43AA-90C1-2A71AEE6FF85}"
EndProject
Project("{FAE04EC0-301F-11D3-BF4B-00C04F79EFBC}") = "EliteMud.Game", "src\EliteMud.Game\EliteMud.Game.csproj", "{259023B0-3F11-47A7-8D0B-72446FA550BF}"
EndProject
Project("{FAE04EC0-301F-11D3-BF4B-00C04F79EFBC}") = "EliteMud.Data", "src\EliteMud.Data\EliteMud.Data.csproj", "{EC5E8530-4879-4E56-A521-0DBDA1F5CA47}"
EndProject
Project("{FAE04EC0-301F-11D3-BF4B-00C04F79EFBC}") = "EliteMud.Legacy", "src\EliteMud.Legacy\EliteMud.Legacy.csproj", "{DC86F700-B876-46CB-8DF5-630FF7D7093D}"
EndProject
Project("{FAE04EC0-301F-11D3-BF4B-00C04F79EFBC}") = "EliteMud.Scripting", "src\EliteMud.Scripting\EliteMud.Scripting.csproj", "{057680C8-169E-4385-B0FF-919E9293AF70}"
EndProject
Project("{2150E333-8FDC-42A3-9474-1A3956D46DE8}") = "tests", "tests", "{0AB3BF05-4346-4AA6-1389-037BE0695223}"
EndProject
Project("{FAE04EC0-301F-11D3-BF4B-00C04F79EFBC}") = "EliteMud.Tests", "tests\EliteMud.Tests\EliteMud.Tests.csproj", "{C9278EA3-ECC0-4DC4-8E26-52B80BC18A8C}"
EndProject
Global
	GlobalSection(SolutionConfigurationPlatforms) = preSolution
		Debug|Any CPU = Debug|Any CPU
		Debug|x64 = Debug|x64
		Debug|x86 = Debug|x86
		Release|Any CPU = Release|Any CPU
		Release|x64 = Release|x64
		Release|x86 = Release|x86
	EndGlobalSection
	GlobalSection(ProjectConfigurationPlatforms) = postSolution
		{1FD4ADCB-A4FF-43AA-90C1-2A71AEE6FF85}.Debug|Any CPU.ActiveCfg = Debug|Any CPU
		{1FD4ADCB-A4FF-43AA-90C1-2A71AEE6FF85}.Debug|Any CPU.Build.0 = Debug|Any CPU
		{1FD4ADCB-A4FF-43AA-90C1-2A71AEE6FF85}.Debug|x64.ActiveCfg = Debug|Any CPU
		{1FD4ADCB-A4FF-43AA-90C1-2A71AEE6FF85}.Debug|x64.Build.0 = Debug|Any CPU
		{1FD4ADCB-A4FF-43AA-90C1-2A71AEE6FF85}.Debug|x86.ActiveCfg = Debug|Any CPU
		{1FD4ADCB-A4FF-43AA-90C1-2A71AEE6FF85}.Debug|x86.Build.0 = Debug|Any CPU
		{1FD4ADCB-A4FF-43AA-90C1-2A71AEE6FF85}.Release|Any CPU.ActiveCfg = Release|Any CPU
		{1FD4ADCB-A4FF-43AA-90C1-2A71AEE6FF85}.Release|Any CPU.Build.0 = Release|Any CPU
		{1FD4ADCB-A4FF-43AA-90C1-2A71AEE6FF85}.Release|x64.ActiveCfg = Release|Any CPU
		{1FD4ADCB-A4FF-43AA-90C1-2A71AEE6FF85}.Release|x64.Build.0 = Release|Any CPU
		{1FD4ADCB-A4FF-43AA-90C1-2A71AEE6FF85}.Release|x86.ActiveCfg = Release|Any CPU
		{1FD4ADCB-A4FF-43AA-90C1-2A71AEE6FF85}.Release|x86.Build.0 = Release|Any CPU
		{259023B0-3F11-47A7-8D0B-72446FA550BF}.Debug|Any CPU.ActiveCfg = Debug|Any CPU
		{259023B0-3F11-47A7-8D0B-72446FA550BF}.Debug|Any CPU.Build.0 = Debug|Any CPU
		{259023B0-3F11-47A7-8D0B-72446FA550BF}.Debug|x64.ActiveCfg = Debug|Any CPU
		{259023B0-3F11-47A7-8D0B-72446FA550BF}.Debug|x64.Build.0 = Debug|Any CPU
		{259023B0-3F11-47A7-8D0B-72446FA550BF}.Debug|x86.ActiveCfg = Debug|Any CPU
		{259023B0-3F11-47A7-8D0B-72446FA550BF}.Debug|x86.Build.0 = Debug|Any CPU
		{259023B0-3F11-47A7-8D0B-72446FA550BF}.Release|Any CPU.ActiveCfg = Release|Any CPU
		{259023B0-3F11-47A7-8D0B-72446FA550BF}.Release|Any CPU.Build.0 = Release|Any CPU
		{259023B0-3F11-47A7-8D0B-72446FA550BF}.Release|x64.ActiveCfg = Release|Any CPU
		{259023B0-3F11-47A7-8D0B-72446FA550BF}.Release|x64.Build.0 = Release|Any CPU
		{259023B0-3F11-47A7-8D0B-72446FA550BF}.Release|x86.ActiveCfg = Release|Any CPU
		{259023B0-3F11-47A7-8D0B-72446FA550BF}.Release|x86.Build.0 = Release|Any CPU
		{EC5E8530-4879-4E56-A521-0DBDA1F5CA47}.Debug|Any CPU.ActiveCfg = Debug|Any CPU
		{EC5E8530-4879-4E56-A521-0DBDA1F5CA47}.Debug|Any CPU.Build.0 = Debug|Any CPU
		{EC5E8530-4879-4E56-A521-0DBDA1F5CA47}.Debug|x64.ActiveCfg = Debug|Any CPU
		{EC5E8530-4879-4E56-A521-0DBDA1F5CA47}.Debug|x64.Build.0 = Debug|Any CPU
		{EC5E8530-4879-4E56-A521-0DBDA1F5CA47}.Debug|x86.ActiveCfg = Debug|Any CPU
		{EC5E8530-4879-4E56-A521-0DBDA1F5CA47}.Debug|x86.Build.0 = Debug|Any CPU
		{EC5E8530-4879-4E56-A521-0DBDA1F5CA47}.Release|Any CPU.ActiveCfg = Release|Any CPU
		{EC5E8530-4879-4E56-A521-0DBDA1F5CA47}.Release|Any CPU.Build.0 = Release|Any CPU
		{EC5E8530-4879-4E56-A521-0DBDA1F5CA47}.Release|x64.ActiveCfg = Release|Any CPU
		{EC5E8530-4879-4E56-A521-0DBDA1F5CA47}.Release|x64.Build.0 = Release|Any CPU
		{EC5E8530-4879-4E56-A521-0DBDA1F5CA47}.Release|x86.ActiveCfg = Release|Any CPU
		{EC5E8530-4879-4E56-A521-0DBDA1F5CA47}.Release|x86.Build.0 = Release|Any CPU
		{DC86F700-B876-46CB-8DF5-630FF7D7093D}.Debug|Any CPU.ActiveCfg = Debug|Any CPU
		{DC86F700-B876-46CB-8DF5-630FF7D7093D}.Debug|Any CPU.Build.0 = Debug|Any CPU
		{DC86F700-B876-46CB-8DF5-630FF7D7093D}.Debug|x64.ActiveCfg = Debug|Any CPU
		{DC86F700-B876-46CB-8DF5-630FF7D7093D}.Debug|x64.Build.0 = Debug|Any CPU
		{DC86F700-B876-46CB-8DF5-630FF7D7093D}.Debug|x86.ActiveCfg = Debug|Any CPU
		{DC86F700-B876-46CB-8DF5-630FF7D7093D}.Debug|x86.Build.0 = Debug|Any CPU
		{DC86F700-B876-46CB-8DF5-630FF7D7093D}.Release|Any CPU.ActiveCfg = Release|Any CPU
		{DC86F700-B876-46CB-8DF5-630FF7D7093D}.Release|Any CPU.Build.0 = Release|Any CPU
		{DC86F700-B876-46CB-8DF5-630FF7D7093D}.Release|x64.ActiveCfg = Release|Any CPU
		{DC86F700-B876-46CB-8DF5-630FF7D7093D}.Release|x64.Build.0 = Release|Any CPU
		{DC86F700-B876-46CB-8DF5-630FF7D7093D}.Release|x86.ActiveCfg = Release|Any CPU
		{DC86F700-B876-46CB-8DF5-630FF7D7093D}.Release|x86.Build.0 = Release|Any CPU
		{057680C8-169E-4385-B0FF-919E9293AF70}.Debug|Any CPU.ActiveCfg = Debug|Any CPU
		{057680C8-169E-4385-B0FF-919E9293AF70}.Debug|Any CPU.Build.0 = Debug|Any CPU
		{057680C8-169E-4385-B0FF-919E9293AF70}.Debug|x64.ActiveCfg = Debug|Any CPU
		{057680C8-169E-4385-B0FF-919E9293AF70}.Debug|x64.Build.0 = Debug|Any CPU
		{057680C8-169E-4385-B0FF-919E9293AF70}.Debug|x86.ActiveCfg = Debug|Any CPU
		{057680C8-169E-4385-B0FF-919E9293AF70}.Debug|x86.Build.0 = Debug|Any CPU
		{057680C8-169E-4385-B0FF-919E9293AF70}.Release|Any CPU.ActiveCfg = Release|Any CPU
		{057680C8-169E-4385-B0FF-919E9293AF70}.Release|Any CPU.Build.0 = Release|Any CPU
		{057680C8-169E-4385-B0FF-919E9293AF70}.Release|x64.ActiveCfg = Release|Any CPU
		{057680C8-169E-4385-B0FF-919E9293AF70}.Release|x64.Build.0 = Release|Any CPU
		{057680C8-169E-4385-B0FF-919E9293AF70}.Release|x86.ActiveCfg = Release|Any CPU
		{057680C8-169E-4385-B0FF-919E9293AF70}.Release|x86.Build.0 = Release|Any CPU
		{C9278EA3-ECC0-4DC4-8E26-52B80BC18A8C}.Debug|Any CPU.ActiveCfg = Debug|Any CPU
		{C9278EA3-ECC0-4DC4-8E26-52B80BC18A8C}.Debug|Any CPU.Build.0 = Debug|Any CPU
		{C9278EA3-ECC0-4DC4-8E26-52B80BC18A8C}.Debug|x64.ActiveCfg = Debug|Any CPU
		{C9278EA3-ECC0-4DC4-8E26-52B80BC18A8C}.Debug|x64.Build.0 = Debug|Any CPU
		{C9278EA3-ECC0-4DC4-8E26-52B80BC18A8C}.Debug|x86.ActiveCfg = Debug|Any CPU
		{C9278EA3-ECC0-4DC4-8E26-52B80BC18A8C}.Debug|x86.Build.0 = Debug|Any CPU
		{C9278EA3-ECC0-4DC4-8E26-52B80BC18A8C}.Release|Any CPU.ActiveCfg = Release|Any CPU
		{C9278EA3-ECC0-4DC4-8E26-52B80BC18A8C}.Release|Any CPU.Build.0 = Release|Any CPU
		{C9278EA3-ECC0-4DC4-8E26-52B80BC18A8C}.Release|x64.ActiveCfg = Release|Any CPU
		{C9278EA3-ECC0-4DC4-8E26-52B80BC18A8C}.Release|x64.Build.0 = Release|Any CPU
		{C9278EA3-ECC0-4DC4-8E26-52B80BC18A8C}.Release|x86.ActiveCfg = Release|Any CPU
		{C9278EA3-ECC0-4DC4-8E26-52B80BC18A8C}.Release|x86.Build.0 = Release|Any CPU
	EndGlobalSection
	GlobalSection(SolutionProperties) = preSolution
		HideSolutionNode = FALSE
	EndGlobalSection
	GlobalSection(NestedProjects) = preSolution
		{1FD4ADCB-A4FF-43AA-90C1-2A71AEE6FF85} = {827E0CD3-B72D-47B6-A68D-7590B98EB39B}
		{259023B0-3F11-47A7-8D0B-72446FA550BF} = {827E0CD3-B72D-47B6-A68D-7590B98EB39B}
		{EC5E8530-4879-4E56-A521-0DBDA1F5CA47} = {827E0CD3-B72D-47B6-A68D-7590B98EB39B}
		{DC86F700-B876-46CB-8DF5-630FF7D7093D} = {827E0CD3-B72D-47B6-A68D-7590B98EB39B}
		{057680C8-169E-4385-B0FF-919E9293AF70} = {827E0CD3-B72D-47B6-A68D-7590B98EB39B}
		{C9278EA3-ECC0-4DC4-8E26-52B80BC18A8C} = {0AB3BF05-4346-4AA6-1389-037BE0695223}
	EndGlobalSection
EndGlobal
